github.com/hoisie/web v0.1.0 h1:oCXxaS9BnWgJZsubx4X+NuOyKPc9y4kB8Eg0jof6SUc=
github.com/hoisie/web v0.1.0/go.mod h1:9rKIjxNOF05p21HiYMbaQy+ijn3nHaWi2mV3l/KnoIE=
gopkg.in/fsnotify/fsnotify.v1 v1.4.7 h1:XNNYLJHt73EyYiCZi6+xjupS9CpvmiDgjPTAjrBlQbo=
gopkg.in/fsnotify/fsnotify.v1 v1.4.7/go.mod h1:Fyux9zXlo4rWoMSIzpn9fDAYjalPqJ/K1qJ27s+7ltE=
